
Microsoft Visual Studio Solution File, Format Version 12.00
# Visual Studio Version 17
VisualStudioVersion = 17.11.35303.130
MinimumVisualStudioVersion = 10.0.40219.1
Project("{9A19103F-16F7-4668-BE54-9A1E7A4F7556}") = "RemoteDesktopProject", "RemoteDesktopProject\RemoteDesktopProject.csproj", "{10FCF2D8-ACC0-4C2E-8899-97B34E0D729B}"
EndProject
Project("{FAE04EC0-301F-11D3-BF4B-00C04F79EFBC}") = "WinFormsApp1", "WinFormsApp1\WinFormsApp1.csproj", "{F18C04DA-4A4E-4F8C-8E38-A811331B61F1}"
EndProject
Global
	GlobalSection(SolutionConfigurationPlatforms) = preSolution
		Debug|Any CPU = Debug|Any CPU
		Release|Any CPU = Release|Any CPU
	EndGlobalSection
	GlobalSection(ProjectConfigurationPlatforms) = postSolution
		{10FCF2D8-ACC0-4C2E-8899-97B34E0D729B}.Debug|Any CPU.ActiveCfg = Debug|Any CPU
		{10FCF2D8-ACC0-4C2E-8899-97B34E0D729B}.Debug|Any CPU.Build.0 = Debug|Any CPU
		{10FCF2D8-ACC0-4C2E-8899-97B34E0D729B}.Release|Any CPU.ActiveCfg = Release|Any CPU
		{10FCF2D8-ACC0-4C2E-8899-97B34E0D729B}.Release|Any CPU.Build.0 = Release|Any CPU
		{F18C04DA-4A4E-4F8C-8E38-A811331B61F1}.Debug|Any CPU.ActiveCfg = Debug|Any CPU
		{F18C04DA-4A4E-4F8C-8E38-A811331B61F1}.Debug|Any CPU.Build.0 = Debug|Any CPU
		{F18C04DA-4A4E-4F8C-8E38-A811331B61F1}.Release|Any CPU.ActiveCfg = Release|Any CPU
		{F18C04DA-4A4E-4F8C-8E38-A811331B61F1}.Release|Any CPU.Build.0 = Release|Any CPU
	EndGlobalSection
	GlobalSection(SolutionProperties) = preSolution
		HideSolutionNode = FALSE
	EndGlobalSection
	GlobalSection(ExtensibilityGlobals) = postSolution
		SolutionGuid = {4B77933A-CB7A-4FB4-A4D1-0EEFAE91E4B3}
	EndGlobalSection
EndGlobal
